
Microsoft Visual Studio Solution File, Format Version 12.00
# Visual Studio 15
VisualStudioVersion = 15.0.26206.0
MinimumVisualStudioVersion = 10.0.40219.1
Project("{FAE04EC0-301F-11D3-BF4B-00C04F79EFBC}") = "Domain", "Domain\Domain.csproj", "{84C70BA3-EE51-46AD-AC3A-A9767F8FF8D7}"
EndProject
Project("{FAE04EC0-301F-11D3-BF4B-00C04F79EFBC}") = "WebUI", "WebUI\WebUI.csproj", "{9987E654-43A7-4833-B2A0-04CF0A499247}"
EndProject
Project("{FAE04EC0-301F-11D3-BF4B-00C04F79EFBC}") = "UnitTests", "UnitTests\UnitTests.csproj", "{97139681-F913-4488-A8C5-B43446E73DCD}"
EndProject
Global
	GlobalSection(SolutionConfigurationPlatforms) = preSolution
		Debug|Any CPU = Debug|Any CPU
		Release|Any CPU = Release|Any CPU
	EndGlobalSection
	GlobalSection(ProjectConfigurationPlatforms) = postSolution
		{84C70BA3-EE51-46AD-AC3A-A9767F8FF8D7}.Debug|Any CPU.ActiveCfg = Debug|Any CPU
		{84C70BA3-EE51-46AD-AC3A-A9767F8FF8D7}.Debug|Any CPU.Build.0 = Debug|Any CPU
		{84C70BA3-EE51-46AD-AC3A-A9767F8FF8D7}.Release|Any CPU.ActiveCfg = Release|Any CPU
		{84C70BA3-EE51-46AD-AC3A-A9767F8FF8D7}.Release|Any CPU.Build.0 = Release|Any CPU
		{9987E654-43A7-4833-B2A0-04CF0A499247}.Debug|Any CPU.ActiveCfg = Debug|Any CPU
		{9987E654-43A7-4833-B2A0-04CF0A499247}.Debug|Any CPU.Build.0 = Debug|Any CPU
		{9987E654-43A7-4833-B2A0-04CF0A499247}.Release|Any CPU.ActiveCfg = Release|Any CPU
		{9987E654-43A7-4833-B2A0-04CF0A499247}.Release|Any CPU.Build.0 = Release|Any CPU
		{97139681-F913-4488-A8C5-B43446E73DCD}.Debug|Any CPU.ActiveCfg = Debug|Any CPU
		{97139681-F913-4488-A8C5-B43446E73DCD}.Debug|Any CPU.Build.0 = Debug|Any CPU
		{97139681-F913-4488-A8C5-B43446E73DCD}.Release|Any CPU.ActiveCfg = Release|Any CPU
		{97139681-F913-4488-A8C5-B43446E73DCD}.Release|Any CPU.Build.0 = Release|Any CPU
	EndGlobalSection
	GlobalSection(SolutionProperties) = preSolution
		HideSolutionNode = FALSE
	EndGlobalSection
EndGlobal
